
Microsoft Visual Studio Solution File, Format Version 12.00
# Visual Studio Version 16
VisualStudioVersion = 16.0.31105.61
MinimumVisualStudioVersion = 10.0.40219.1
Project("{FAE04EC0-301F-11D3-BF4B-00C04F79EFBC}") = "Testing App 1", "Testing App 1\Testing App 1.csproj", "{2B390762-59DF-4385-B94D-B838AD1541A6}"
EndProject
Global
	GlobalSection(SolutionConfigurationPlatforms) = preSolution
		Debug|Any CPU = Debug|Any CPU
		Release|Any CPU = Release|Any CPU
	EndGlobalSection
	GlobalSection(ProjectConfigurationPlatforms) = postSolution
		{2B390762-59DF-4385-B94D-B838AD1541A6}.Debug|Any CPU.ActiveCfg = Debug|Any CPU
		{2B390762-59DF-4385-B94D-B838AD1541A6}.Debug|Any CPU.Build.0 = Debug|Any CPU
		{2B390762-59DF-4385-B94D-B838AD1541A6}.Release|Any CPU.ActiveCfg = Release|Any CPU
		{2B390762-59DF-4385-B94D-B838AD1541A6}.Release|Any CPU.Build.0 = Release|Any CPU
	EndGlobalSection
	GlobalSection(SolutionProperties) = preSolution
		HideSolutionNode = FALSE
	EndGlobalSection
	GlobalSection(ExtensibilityGlobals) = postSolution
		SolutionGuid = {9940E5D9-4B29-47A4-8033-6BFED1669D45}
	EndGlobalSection
EndGlobal
