
Microsoft Visual Studio Solution File, Format Version 12.00
# Visual Studio Version 16
VisualStudioVersion = 16.0.31105.61
MinimumVisualStudioVersion = 10.0.40219.1
Project("{9A19103F-16F7-4668-BE54-9A1E7A4F7556}") = "TestingService", "TestingService\TestingService.csproj", "{C73EFE24-0798-4029-83C4-C1EE0CBAC7A4}"
EndProject
Global
	GlobalSection(SolutionConfigurationPlatforms) = preSolution
		Debug|Any CPU = Debug|Any CPU
		Release|Any CPU = Release|Any CPU
	EndGlobalSection
	GlobalSection(ProjectConfigurationPlatforms) = postSolution
		{C73EFE24-0798-4029-83C4-C1EE0CBAC7A4}.Debug|Any CPU.ActiveCfg = Debug|Any CPU
		{C73EFE24-0798-4029-83C4-C1EE0CBAC7A4}.Debug|Any CPU.Build.0 = Debug|Any CPU
		{C73EFE24-0798-4029-83C4-C1EE0CBAC7A4}.Release|Any CPU.ActiveCfg = Release|Any CPU
		{C73EFE24-0798-4029-83C4-C1EE0CBAC7A4}.Release|Any CPU.Build.0 = Release|Any CPU
	EndGlobalSection
	GlobalSection(SolutionProperties) = preSolution
		HideSolutionNode = FALSE
	EndGlobalSection
	GlobalSection(ExtensibilityGlobals) = postSolution
		SolutionGuid = {13C4602D-D222-467F-A69F-C48A2F58B903}
	EndGlobalSection
EndGlobal
