
Microsoft Visual Studio Solution File, Format Version 12.00
# Visual Studio Version 16
VisualStudioVersion = 16.0.31105.61
MinimumVisualStudioVersion = 10.0.40219.1
Project("{9A19103F-16F7-4668-BE54-9A1E7A4F7556}") = "TestingService", "TestingService\TestingService.csproj", "{C73EFE24-0798-4029-83C4-C1EE0CBAC7A4}"
EndProject
Project("{2150E333-8FDC-42A3-9474-1A3956D46DE8}") = "Solution Items", "Solution Items", "{8DE94FD5-C824-411B-B580-FCAB2E8FCAE3}"
EndProject
Project("{00D1A9C2-B5F0-4AF3-8072-F6C62B433612}") = "Database1", "Database1\Database1.sqlproj", "{FBC7367E-68EB-417D-B267-263CFF49150D}"
EndProject
Global
	GlobalSection(SolutionConfigurationPlatforms) = preSolution
		Debug|Any CPU = Debug|Any CPU
		Release|Any CPU = Release|Any CPU
	EndGlobalSection
	GlobalSection(ProjectConfigurationPlatforms) = postSolution
		{C73EFE24-0798-4029-83C4-C1EE0CBAC7A4}.Debug|Any CPU.ActiveCfg = Debug|Any CPU
		{C73EFE24-0798-4029-83C4-C1EE0CBAC7A4}.Debug|Any CPU.Build.0 = Debug|Any CPU
		{C73EFE24-0798-4029-83C4-C1EE0CBAC7A4}.Release|Any CPU.ActiveCfg = Release|Any CPU
		{C73EFE24-0798-4029-83C4-C1EE0CBAC7A4}.Release|Any CPU.Build.0 = Release|Any CPU
		{FBC7367E-68EB-417D-B267-263CFF49150D}.Debug|Any CPU.ActiveCfg = Debug|Any CPU
		{FBC7367E-68EB-417D-B267-263CFF49150D}.Debug|Any CPU.Build.0 = Debug|Any CPU
		{FBC7367E-68EB-417D-B267-263CFF49150D}.Debug|Any CPU.Deploy.0 = Debug|Any CPU
		{FBC7367E-68EB-417D-B267-263CFF49150D}.Release|Any CPU.ActiveCfg = Release|Any CPU
		{FBC7367E-68EB-417D-B267-263CFF49150D}.Release|Any CPU.Build.0 = Release|Any CPU
		{FBC7367E-68EB-417D-B267-263CFF49150D}.Release|Any CPU.Deploy.0 = Release|Any CPU
	EndGlobalSection
	GlobalSection(SolutionProperties) = preSolution
		HideSolutionNode = FALSE
	EndGlobalSection
	GlobalSection(ExtensibilityGlobals) = postSolution
		SolutionGuid = {13C4602D-D222-467F-A69F-C48A2F58B903}
	EndGlobalSection
EndGlobal
